
Microsoft Visual Studio Solution File, Format Version 12.00
# Visual Studio Version 16
VisualStudioVersion = 16.0.30523.141
MinimumVisualStudioVersion = 10.0.40219.1
Project("{9A19103F-16F7-4668-BE54-9A1E7A4F7556}") = "Superubezpieczenia", "Superubezpieczenia\Superubezpieczenia.csproj", "{A7C5D83A-7995-46E5-B566-12C596C6608C}"
EndProject
Project("{FAE04EC0-301F-11D3-BF4B-00C04F79EFBC}") = "Superubezpieczenia.Tests", "Superubezpieczenia.Tests\Superubezpieczenia.Tests.csproj", "{2249658A-3AE2-4AEC-BBE4-E8CDC849E379}"
EndProject
Global
	GlobalSection(SolutionConfigurationPlatforms) = preSolution
		Debug|Any CPU = Debug|Any CPU
		Release|Any CPU = Release|Any CPU
	EndGlobalSection
	GlobalSection(ProjectConfigurationPlatforms) = postSolution
		{A7C5D83A-7995-46E5-B566-12C596C6608C}.Debug|Any CPU.ActiveCfg = Debug|Any CPU
		{A7C5D83A-7995-46E5-B566-12C596C6608C}.Debug|Any CPU.Build.0 = Debug|Any CPU
		{A7C5D83A-7995-46E5-B566-12C596C6608C}.Release|Any CPU.ActiveCfg = Release|Any CPU
		{A7C5D83A-7995-46E5-B566-12C596C6608C}.Release|Any CPU.Build.0 = Release|Any CPU
		{2249658A-3AE2-4AEC-BBE4-E8CDC849E379}.Debug|Any CPU.ActiveCfg = Debug|Any CPU
		{2249658A-3AE2-4AEC-BBE4-E8CDC849E379}.Debug|Any CPU.Build.0 = Debug|Any CPU
		{2249658A-3AE2-4AEC-BBE4-E8CDC849E379}.Release|Any CPU.ActiveCfg = Release|Any CPU
		{2249658A-3AE2-4AEC-BBE4-E8CDC849E379}.Release|Any CPU.Build.0 = Release|Any CPU
	EndGlobalSection
	GlobalSection(SolutionProperties) = preSolution
		HideSolutionNode = FALSE
	EndGlobalSection
	GlobalSection(ExtensibilityGlobals) = postSolution
		SolutionGuid = {56CF22E1-2FDF-46D5-83BC-6E8C7B7D57AE}
	EndGlobalSection
EndGlobal
